
Microsoft Visual Studio Solution File, Format Version 12.00
# Visual Studio Version 16
VisualStudioVersion = 16.0.28917.181
MinimumVisualStudioVersion = 10.0.40219.1
Project("{8BC9CEB8-8B4A-11D0-8D11-00A0C91BC942}") = "chapter4", "chapter4\chapter4.vcxproj", "{347322C6-DFE1-46A7-BAB3-10CBF16E7A62}"
EndProject
Global
	GlobalSection(SolutionConfigurationPlatforms) = preSolution
		Debug|x64 = Debug|x64
		Debug|x86 = Debug|x86
		Release|x64 = Release|x64
		Release|x86 = Release|x86
	EndGlobalSection
	GlobalSection(ProjectConfigurationPlatforms) = postSolution
		{347322C6-DFE1-46A7-BAB3-10CBF16E7A62}.Debug|x64.ActiveCfg = Debug|x64
		{347322C6-DFE1-46A7-BAB3-10CBF16E7A62}.Debug|x64.Build.0 = Debug|x64
		{347322C6-DFE1-46A7-BAB3-10CBF16E7A62}.Debug|x86.ActiveCfg = Debug|Win32
		{347322C6-DFE1-46A7-BAB3-10CBF16E7A62}.Debug|x86.Build.0 = Debug|Win32
		{347322C6-DFE1-46A7-BAB3-10CBF16E7A62}.Release|x64.ActiveCfg = Release|x64
		{347322C6-DFE1-46A7-BAB3-10CBF16E7A62}.Release|x64.Build.0 = Release|x64
		{347322C6-DFE1-46A7-BAB3-10CBF16E7A62}.Release|x86.ActiveCfg = Release|Win32
		{347322C6-DFE1-46A7-BAB3-10CBF16E7A62}.Release|x86.Build.0 = Release|Win32
	EndGlobalSection
	GlobalSection(SolutionProperties) = preSolution
		HideSolutionNode = FALSE
	EndGlobalSection
	GlobalSection(ExtensibilityGlobals) = postSolution
		SolutionGuid = {32205F9E-F614-4AD7-8557-04562947C61E}
	EndGlobalSection
EndGlobal
