
Microsoft Visual Studio Solution File, Format Version 12.00
# Visual Studio Version 16
VisualStudioVersion = 16.0.29418.71
MinimumVisualStudioVersion = 10.0.40219.1
Project("{8BC9CEB8-8B4A-11D0-8D11-00A0C91BC942}") = "10주차 그래프 인접행렬", "10주차 그래프 인접행렬\10주차 그래프 인접행렬.vcxproj", "{86996E12-A182-45E3-89AB-6C171315EAE0}"
EndProject
Global
	GlobalSection(SolutionConfigurationPlatforms) = preSolution
		Debug|x64 = Debug|x64
		Debug|x86 = Debug|x86
		Release|x64 = Release|x64
		Release|x86 = Release|x86
	EndGlobalSection
	GlobalSection(ProjectConfigurationPlatforms) = postSolution
		{86996E12-A182-45E3-89AB-6C171315EAE0}.Debug|x64.ActiveCfg = Debug|x64
		{86996E12-A182-45E3-89AB-6C171315EAE0}.Debug|x64.Build.0 = Debug|x64
		{86996E12-A182-45E3-89AB-6C171315EAE0}.Debug|x86.ActiveCfg = Debug|Win32
		{86996E12-A182-45E3-89AB-6C171315EAE0}.Debug|x86.Build.0 = Debug|Win32
		{86996E12-A182-45E3-89AB-6C171315EAE0}.Release|x64.ActiveCfg = Release|x64
		{86996E12-A182-45E3-89AB-6C171315EAE0}.Release|x64.Build.0 = Release|x64
		{86996E12-A182-45E3-89AB-6C171315EAE0}.Release|x86.ActiveCfg = Release|Win32
		{86996E12-A182-45E3-89AB-6C171315EAE0}.Release|x86.Build.0 = Release|Win32
	EndGlobalSection
	GlobalSection(SolutionProperties) = preSolution
		HideSolutionNode = FALSE
	EndGlobalSection
	GlobalSection(ExtensibilityGlobals) = postSolution
		SolutionGuid = {9003B93E-5E10-4EEC-A86F-A0828DB14B10}
	EndGlobalSection
EndGlobal
