
Microsoft Visual Studio Solution File, Format Version 12.00
# Visual Studio Version 16
VisualStudioVersion = 16.0.29613.14
MinimumVisualStudioVersion = 10.0.40219.1
Project("{8BC9CEB8-8B4A-11D0-8D11-00A0C91BC942}") = "Assignment3", "Assignment3.vcxproj", "{026502A6-DF47-49A3-B8F7-C28143EEB840}"
EndProject
Global
	GlobalSection(SolutionConfigurationPlatforms) = preSolution
		Debug|x64 = Debug|x64
		Debug|x86 = Debug|x86
		Release|x64 = Release|x64
		Release|x86 = Release|x86
	EndGlobalSection
	GlobalSection(ProjectConfigurationPlatforms) = postSolution
		{026502A6-DF47-49A3-B8F7-C28143EEB840}.Debug|x64.ActiveCfg = Debug|x64
		{026502A6-DF47-49A3-B8F7-C28143EEB840}.Debug|x64.Build.0 = Debug|x64
		{026502A6-DF47-49A3-B8F7-C28143EEB840}.Debug|x86.ActiveCfg = Debug|Win32
		{026502A6-DF47-49A3-B8F7-C28143EEB840}.Debug|x86.Build.0 = Debug|Win32
		{026502A6-DF47-49A3-B8F7-C28143EEB840}.Release|x64.ActiveCfg = Release|x64
		{026502A6-DF47-49A3-B8F7-C28143EEB840}.Release|x64.Build.0 = Release|x64
		{026502A6-DF47-49A3-B8F7-C28143EEB840}.Release|x86.ActiveCfg = Release|Win32
		{026502A6-DF47-49A3-B8F7-C28143EEB840}.Release|x86.Build.0 = Release|Win32
	EndGlobalSection
	GlobalSection(SolutionProperties) = preSolution
		HideSolutionNode = FALSE
	EndGlobalSection
	GlobalSection(ExtensibilityGlobals) = postSolution
		SolutionGuid = {3344A6B0-6476-4E86-B75B-05CE54785541}
	EndGlobalSection
EndGlobal
